
Microsoft Visual Studio Solution File, Format Version 12.00
# Visual Studio Version 16
VisualStudioVersion = 16.0.30002.166
MinimumVisualStudioVersion = 10.0.40219.1
Project("{FAE04EC0-301F-11D3-BF4B-00C04F79EFBC}") = "CnachF", "CnachF\CnachF.csproj", "{149B9609-0B25-4299-9EA1-1C33ED0AD591}"
EndProject
Project("{FAE04EC0-301F-11D3-BF4B-00C04F79EFBC}") = "tempBerechnung", "tempBerechnung\tempBerechnung.csproj", "{3D15F79B-5D93-4BDF-99DD-6769A7A62A58}"
EndProject
Global
	GlobalSection(SolutionConfigurationPlatforms) = preSolution
		Debug|Any CPU = Debug|Any CPU
		Release|Any CPU = Release|Any CPU
	EndGlobalSection
	GlobalSection(ProjectConfigurationPlatforms) = postSolution
		{149B9609-0B25-4299-9EA1-1C33ED0AD591}.Debug|Any CPU.ActiveCfg = Debug|Any CPU
		{149B9609-0B25-4299-9EA1-1C33ED0AD591}.Debug|Any CPU.Build.0 = Debug|Any CPU
		{149B9609-0B25-4299-9EA1-1C33ED0AD591}.Release|Any CPU.ActiveCfg = Release|Any CPU
		{149B9609-0B25-4299-9EA1-1C33ED0AD591}.Release|Any CPU.Build.0 = Release|Any CPU
		{3D15F79B-5D93-4BDF-99DD-6769A7A62A58}.Debug|Any CPU.ActiveCfg = Debug|Any CPU
		{3D15F79B-5D93-4BDF-99DD-6769A7A62A58}.Debug|Any CPU.Build.0 = Debug|Any CPU
		{3D15F79B-5D93-4BDF-99DD-6769A7A62A58}.Release|Any CPU.ActiveCfg = Release|Any CPU
		{3D15F79B-5D93-4BDF-99DD-6769A7A62A58}.Release|Any CPU.Build.0 = Release|Any CPU
	EndGlobalSection
	GlobalSection(SolutionProperties) = preSolution
		HideSolutionNode = FALSE
	EndGlobalSection
	GlobalSection(ExtensibilityGlobals) = postSolution
		SolutionGuid = {C4438F54-E380-4755-991D-FCE81CF21F33}
	EndGlobalSection
EndGlobal
